
Microsoft Visual Studio Solution File, Format Version 12.00
# Visual Studio Version 17
VisualStudioVersion = 17.5.002.0
MinimumVisualStudioVersion = 10.0.40219.1
Project("{2150E333-8FDC-42A3-9474-1A3956D46DE8}") = "src", "src", "{CE734701-A001-4698-9DED-EE811EDB3FBB}"
EndProject
Project("{9A19103F-16F7-4668-BE54-9A1E7A4F7556}") = "Mochileiros", "src\Mochileiros\Mochileiros.csproj", "{954ACFBE-A7AD-4836-AD7F-D18E92F4EE5E}"
EndProject
Global
	GlobalSection(SolutionConfigurationPlatforms) = preSolution
		Debug|Any CPU = Debug|Any CPU
		Release|Any CPU = Release|Any CPU
	EndGlobalSection
	GlobalSection(ProjectConfigurationPlatforms) = postSolution
		{954ACFBE-A7AD-4836-AD7F-D18E92F4EE5E}.Debug|Any CPU.ActiveCfg = Debug|Any CPU
		{954ACFBE-A7AD-4836-AD7F-D18E92F4EE5E}.Debug|Any CPU.Build.0 = Debug|Any CPU
		{954ACFBE-A7AD-4836-AD7F-D18E92F4EE5E}.Release|Any CPU.ActiveCfg = Release|Any CPU
		{954ACFBE-A7AD-4836-AD7F-D18E92F4EE5E}.Release|Any CPU.Build.0 = Release|Any CPU
	EndGlobalSection
	GlobalSection(SolutionProperties) = preSolution
		HideSolutionNode = FALSE
	EndGlobalSection
	GlobalSection(NestedProjects) = preSolution
		{954ACFBE-A7AD-4836-AD7F-D18E92F4EE5E} = {CE734701-A001-4698-9DED-EE811EDB3FBB}
	EndGlobalSection
	GlobalSection(ExtensibilityGlobals) = postSolution
		SolutionGuid = {D892E321-60E3-4257-A60C-687FBBB1593A}
	EndGlobalSection
EndGlobal
